// !$*UTF8*$!
{
	archiveVersion = 1;
	classes = {
	};
	objectVersion = 46;
	objects = {

/* Begin PBXBuildFile section */
		C12DEC501AD8BD4E00710957 /* AppDelegate.swift in Sources */ = {isa = PBXBuildFile; fileRef = C12DEC4F1AD8BD4E00710957 /* AppDelegate.swift */; };
		C12DEC521AD8BD4E00710957 /* ViewController.swift in Sources */ = {isa = PBXBuildFile; fileRef = C12DEC511AD8BD4E00710957 /* ViewController.swift */; };
		C12DEC551AD8BD4E00710957 /* Main.storyboard in Resources */ = {isa = PBXBuildFile; fileRef = C12DEC531AD8BD4E00710957 /* Main.storyboard */; };
		C12DEC571AD8BD4E00710957 /* Images.xcassets in Resources */ = {isa = PBXBuildFile; fileRef = C12DEC561AD8BD4E00710957 /* Images.xcassets */; };
		C12DEC5A1AD8BD4E00710957 /* LaunchScreen.xib in Resources */ = {isa = PBXBuildFile; fileRef = C12DEC581AD8BD4E00710957 /* LaunchScreen.xib */; };
		C12DEC661AD8BD4E00710957 /* CScrollViewTests.swift in Sources */ = {isa = PBXBuildFile; fileRef = C12DEC651AD8BD4E00710957 /* CScrollViewTests.swift */; };
		C12DEC701AD8BD6000710957 /* CScrollView.swift in Sources */ = {isa = PBXBuildFile; fileRef = C12DEC6F1AD8BD6000710957 /* CScrollView.swift */; };
		C12DEC931AD8BDD500710957 /* MKAnnotationView+WebCache.m in Sources */ = {isa = PBXBuildFile; fileRef = C12DEC771AD8BDD500710957 /* MKAnnotationView+WebCache.m */; };
		C12DEC941AD8BDD500710957 /* NSData+GIF.m in Sources */ = {isa = PBXBuildFile; fileRef = C12DEC791AD8BDD500710957 /* NSData+GIF.m */; };
		C12DEC951AD8BDD500710957 /* SDImageCache.m in Sources */ = {isa = PBXBuildFile; fileRef = C12DEC7B1AD8BDD500710957 /* SDImageCache.m */; };
		C12DEC961AD8BDD500710957 /* SDWebImageCompat.m in Sources */ = {isa = PBXBuildFile; fileRef = C12DEC7D1AD8BDD500710957 /* SDWebImageCompat.m */; };
		C12DEC971AD8BDD500710957 /* SDWebImageDecoder.m in Sources */ = {isa = PBXBuildFile; fileRef = C12DEC7F1AD8BDD500710957 /* SDWebImageDecoder.m */; };
		C12DEC981AD8BDD500710957 /* SDWebImageDownloader.m in Sources */ = {isa = PBXBuildFile; fileRef = C12DEC811AD8BDD500710957 /* SDWebImageDownloader.m */; };
		C12DEC991AD8BDD500710957 /* SDWebImageDownloaderOperation.m in Sources */ = {isa = PBXBuildFile; fileRef = C12DEC831AD8BDD500710957 /* SDWebImageDownloaderOperation.m */; };
		C12DEC9A1AD8BDD500710957 /* SDWebImageManager.m in Sources */ = {isa = PBXBuildFile; fileRef = C12DEC851AD8BDD500710957 /* SDWebImageManager.m */; };
		C12DEC9B1AD8BDD500710957 /* SDWebImagePrefetcher.m in Sources */ = {isa = PBXBuildFile; fileRef = C12DEC881AD8BDD500710957 /* SDWebImagePrefetcher.m */; };
		C12DEC9C1AD8BDD500710957 /* UIButton+WebCache.m in Sources */ = {isa = PBXBuildFile; fileRef = C12DEC8A1AD8BDD500710957 /* UIButton+WebCache.m */; };
		C12DEC9D1AD8BDD500710957 /* UIImage+GIF.m in Sources */ = {isa = PBXBuildFile; fileRef = C12DEC8C1AD8BDD500710957 /* UIImage+GIF.m */; };
		C12DEC9E1AD8BDD500710957 /* UIImage+MultiFormat.m in Sources */ = {isa = PBXBuildFile; fileRef = C12DEC8E1AD8BDD500710957 /* UIImage+MultiFormat.m */; };
		C12DEC9F1AD8BDD500710957 /* UIImage+WebP.m in Sources */ = {isa = PBXBuildFile; fileRef = C12DEC901AD8BDD500710957 /* UIImage+WebP.m */; };
		C12DECA01AD8BDD500710957 /* UIImageView+WebCache.m in Sources */ = {isa = PBXBuildFile; fileRef = C12DEC921AD8BDD500710957 /* UIImageView+WebCache.m */; };
		C12DECA51AD8C83400710957 /* 1.jpg in Resources */ = {isa = PBXBuildFile; fileRef = C12DECA11AD8C83400710957 /* 1.jpg */; };
		C12DECA61AD8C83400710957 /* 2.jpg in Resources */ = {isa = PBXBuildFile; fileRef = C12DECA21AD8C83400710957 /* 2.jpg */; };
		C12DECA71AD8C83400710957 /* 3.jpg in Resources */ = {isa = PBXBuildFile; fileRef = C12DECA31AD8C83400710957 /* 3.jpg */; };
		C12DECA81AD8C83400710957 /* 4.jpg in Resources */ = {isa = PBXBuildFile; fileRef = C12DECA41AD8C83400710957 /* 4.jpg */; };
/* End PBXBuildFile section */

/* Begin PBXContainerItemProxy section */
		C12DEC601AD8BD4E00710957 /* PBXContainerItemProxy */ = {
			isa = PBXContainerItemProxy;
			containerPortal = C12DEC421AD8BD4E00710957 /* Project object */;
			proxyType = 1;
			remoteGlobalIDString = C12DEC491AD8BD4E00710957;
			remoteInfo = CScrollView;
		};
/* End PBXContainerItemProxy section */

/* Begin PBXFileReference section */
		C12DEC4A1AD8BD4E00710957 /* CScrollView.app */ = {isa = PBXFileReference; explicitFileType = wrapper.application; includeInIndex = 0; path = CScrollView.app; sourceTree = BUILT_PRODUCTS_DIR; };
		C12DEC4E1AD8BD4E00710957 /* Info.plist */ = {isa = PBXFileReference; lastKnownFileType = text.plist.xml; path = Info.plist; sourceTree = "<group>"; };
		C12DEC4F1AD8BD4E00710957 /* AppDelegate.swift */ = {isa = PBXFileReference; lastKnownFileType = sourcecode.swift; path = AppDelegate.swift; sourceTree = "<group>"; };
		C12DEC511AD8BD4E00710957 /* ViewController.swift */ = {isa = PBXFileReference; lastKnownFileType = sourcecode.swift; path = ViewController.swift; sourceTree = "<group>"; };
		C12DEC541AD8BD4E00710957 /* Base */ = {isa = PBXFileReference; lastKnownFileType = file.storyboard; name = Base; path = Base.lproj/Main.storyboard; sourceTree = "<group>"; };
		C12DEC561AD8BD4E00710957 /* Images.xcassets */ = {isa = PBXFileReference; lastKnownFileType = folder.assetcatalog; path = Images.xcassets; sourceTree = "<group>"; };
		C12DEC591AD8BD4E00710957 /* Base */ = {isa = PBXFileReference; lastKnownFileType = file.xib; name = Base; path = Base.lproj/LaunchScreen.xib; sourceTree = "<group>"; };
		C12DEC5F1AD8BD4E00710957 /* CScrollViewTests.xctest */ = {isa = PBXFileReference; explicitFileType = wrapper.cfbundle; includeInIndex = 0; path = CScrollViewTests.xctest; sourceTree = BUILT_PRODUCTS_DIR; };
		C12DEC641AD8BD4E00710957 /* Info.plist */ = {isa = PBXFileReference; lastKnownFileType = text.plist.xml; path = Info.plist; sourceTree = "<group>"; };
		C12DEC651AD8BD4E00710957 /* CScrollViewTests.swift */ = {isa = PBXFileReference; lastKnownFileType = sourcecode.swift; path = CScrollViewTests.swift; sourceTree = "<group>"; };
		C12DEC6F1AD8BD6000710957 /* CScrollView.swift */ = {isa = PBXFileReference; fileEncoding = 4; lastKnownFileType = sourcecode.swift; path = CScrollView.swift; sourceTree = "<group>"; };
		C12DEC711AD8BDC000710957 /* CScrollView-Bridging-Header.h */ = {isa = PBXFileReference; lastKnownFileType = sourcecode.c.h; path = "CScrollView-Bridging-Header.h"; sourceTree = "<group>"; };
		C12DEC761AD8BDD500710957 /* MKAnnotationView+WebCache.h */ = {isa = PBXFileReference; fileEncoding = 4; lastKnownFileType = sourcecode.c.h; path = "MKAnnotationView+WebCache.h"; sourceTree = "<group>"; };
		C12DEC771AD8BDD500710957 /* MKAnnotationView+WebCache.m */ = {isa = PBXFileReference; fileEncoding = 4; lastKnownFileType = sourcecode.c.objc; path = "MKAnnotationView+WebCache.m"; sourceTree = "<group>"; };
		C12DEC781AD8BDD500710957 /* NSData+GIF.h */ = {isa = PBXFileReference; fileEncoding = 4; lastKnownFileType = sourcecode.c.h; path = "NSData+GIF.h"; sourceTree = "<group>"; };
		C12DEC791AD8BDD500710957 /* NSData+GIF.m */ = {isa = PBXFileReference; fileEncoding = 4; lastKnownFileType = sourcecode.c.objc; path = "NSData+GIF.m"; sourceTree = "<group>"; };
		C12DEC7A1AD8BDD500710957 /* SDImageCache.h */ = {isa = PBXFileReference; fileEncoding = 4; lastKnownFileType = sourcecode.c.h; path = SDImageCache.h; sourceTree = "<group>"; };
		C12DEC7B1AD8BDD500710957 /* SDImageCache.m */ = {isa = PBXFileReference; fileEncoding = 4; lastKnownFileType = sourcecode.c.objc; path = SDImageCache.m; sourceTree = "<group>"; };
		C12DEC7C1AD8BDD500710957 /* SDWebImageCompat.h */ = {isa = PBXFileReference; fileEncoding = 4; lastKnownFileType = sourcecode.c.h; path = SDWebImageCompat.h; sourceTree = "<group>"; };
		C12DEC7D1AD8BDD500710957 /* SDWebImageCompat.m */ = {isa = PBXFileReference; fileEncoding = 4; lastKnownFileType = sourcecode.c.objc; path = SDWebImageCompat.m; sourceTree = "<group>"; };
		C12DEC7E1AD8BDD500710957 /* SDWebImageDecoder.h */ = {isa = PBXFileReference; fileEncoding = 4; lastKnownFileType = sourcecode.c.h; path = SDWebImageDecoder.h; sourceTree = "<group>"; };
		C12DEC7F1AD8BDD500710957 /* SDWebImageDecoder.m */ = {isa = PBXFileReference; fileEncoding = 4; lastKnownFileType = sourcecode.c.objc; path = SDWebImageDecoder.m; sourceTree = "<group>"; };
		C12DEC801AD8BDD500710957 /* SDWebImageDownloader.h */ = {isa = PBXFileReference; fileEncoding = 4; lastKnownFileType = sourcecode.c.h; path = SDWebImageDownloader.h; sourceTree = "<group>"; };
		C12DEC811AD8BDD500710957 /* SDWebImageDownloader.m */ = {isa = PBXFileReference; fileEncoding = 4; lastKnownFileType = sourcecode.c.objc; path = SDWebImageDownloader.m; sourceTree = "<group>"; };
		C12DEC821AD8BDD500710957 /* SDWebImageDownloaderOperation.h */ = {isa = PBXFileReference; fileEncoding = 4; lastKnownFileType = sourcecode.c.h; path = SDWebImageDownloaderOperation.h; sourceTree = "<group>"; };
		C12DEC831AD8BDD500710957 /* SDWebImageDownloaderOperation.m */ = {isa = PBXFileReference; fileEncoding = 4; lastKnownFileType = sourcecode.c.objc; path = SDWebImageDownloaderOperation.m; sourceTree = "<group>"; };
		C12DEC841AD8BDD500710957 /* SDWebImageManager.h */ = {isa = PBXFileReference; fileEncoding = 4; lastKnownFileType = sourcecode.c.h; path = SDWebImageManager.h; sourceTree = "<group>"; };
		C12DEC851AD8BDD500710957 /* SDWebImageManager.m */ = {isa = PBXFileReference; fileEncoding = 4; lastKnownFileType = sourcecode.c.objc; path = SDWebImageManager.m; sourceTree = "<group>"; };
		C12DEC861AD8BDD500710957 /* SDWebImageOperation.h */ = {isa = PBXFileReference; fileEncoding = 4; lastKnownFileType = sourcecode.c.h; path = SDWebImageOperation.h; sourceTree = "<group>"; };
		C12DEC871AD8BDD500710957 /* SDWebImagePrefetcher.h */ = {isa = PBXFileReference; fileEncoding = 4; lastKnownFileType = sourcecode.c.h; path = SDWebImagePrefetcher.h; sourceTree = "<group>"; };
		C12DEC881AD8BDD500710957 /* SDWebImagePrefetcher.m */ = {isa = PBXFileReference; fileEncoding = 4; lastKnownFileType = sourcecode.c.objc; path = SDWebImagePrefetcher.m; sourceTree = "<group>"; };
		C12DEC891AD8BDD500710957 /* UIButton+WebCache.h */ = {isa = PBXFileReference; fileEncoding = 4; lastKnownFileType = sourcecode.c.h; path = "UIButton+WebCache.h"; sourceTree = "<group>"; };
		C12DEC8A1AD8BDD500710957 /* UIButton+WebCache.m */ = {isa = PBXFileReference; fileEncoding = 4; lastKnownFileType = sourcecode.c.objc; path = "UIButton+WebCache.m"; sourceTree = "<group>"; };
		C12DEC8B1AD8BDD500710957 /* UIImage+GIF.h */ = {isa = PBXFileReference; fileEncoding = 4; lastKnownFileType = sourcecode.c.h; path = "UIImage+GIF.h"; sourceTree = "<group>"; };
		C12DEC8C1AD8BDD500710957 /* UIImage+GIF.m */ = {isa = PBXFileReference; fileEncoding = 4; lastKnownFileType = sourcecode.c.objc; path = "UIImage+GIF.m"; sourceTree = "<group>"; };
		C12DEC8D1AD8BDD500710957 /* UIImage+MultiFormat.h */ = {isa = PBXFileReference; fileEncoding = 4; lastKnownFileType = sourcecode.c.h; path = "UIImage+MultiFormat.h"; sourceTree = "<group>"; };
		C12DEC8E1AD8BDD500710957 /* UIImage+MultiFormat.m */ = {isa = PBXFileReference; fileEncoding = 4; lastKnownFileType = sourcecode.c.objc; path = "UIImage+MultiFormat.m"; sourceTree = "<group>"; };
		C12DEC8F1AD8BDD500710957 /* UIImage+WebP.h */ = {isa = PBXFileReference; fileEncoding = 4; lastKnownFileType = sourcecode.c.h; path = "UIImage+WebP.h"; sourceTree = "<group>"; };
		C12DEC901AD8BDD500710957 /* UIImage+WebP.m */ = {isa = PBXFileReference; fileEncoding = 4; lastKnownFileType = sourcecode.c.objc; path = "UIImage+WebP.m"; sourceTree = "<group>"; };
		C12DEC911AD8BDD500710957 /* UIImageView+WebCache.h */ = {isa = PBXFileReference; fileEncoding = 4; lastKnownFileType = sourcecode.c.h; path = "UIImageView+WebCache.h"; sourceTree = "<group>"; };
		C12DEC921AD8BDD500710957 /* UIImageView+WebCache.m */ = {isa = PBXFileReference; fileEncoding = 4; lastKnownFileType = sourcecode.c.objc; path = "UIImageView+WebCache.m"; sourceTree = "<group>"; };
		C12DECA11AD8C83400710957 /* 1.jpg */ = {isa = PBXFileReference; lastKnownFileType = image.jpeg; path = 1.jpg; sourceTree = "<group>"; };
		C12DECA21AD8C83400710957 /* 2.jpg */ = {isa = PBXFileReference; lastKnownFileType = image.jpeg; path = 2.jpg; sourceTree = "<group>"; };
		C12DECA31AD8C83400710957 /* 3.jpg */ = {isa = PBXFileReference; lastKnownFileType = image.jpeg; path = 3.jpg; sourceTree = "<group>"; };
		C12DECA41AD8C83400710957 /* 4.jpg */ = {isa = PBXFileReference; lastKnownFileType = image.jpeg; path = 4.jpg; sourceTree = "<group>"; };
/* End PBXFileReference section */

/* Begin PBXFrameworksBuildPhase section */
		C12DEC471AD8BD4E00710957 /* Frameworks */ = {
			isa = PBXFrameworksBuildPhase;
			buildActionMask = 2147483647;
			files = (
			);
			runOnlyForDeploymentPostprocessing = 0;
		};
		C12DEC5C1AD8BD4E00710957 /* Frameworks */ = {
			isa = PBXFrameworksBuildPhase;
			buildActionMask = 2147483647;
			files = (
			);
			runOnlyForDeploymentPostprocessing = 0;
		};
/* End PBXFrameworksBuildPhase section */

/* Begin PBXGroup section */
		C12DEC411AD8BD4E00710957 = {
			isa = PBXGroup;
			children = (
				C12DEC4C1AD8BD4E00710957 /* CScrollView */,
				C12DEC621AD8BD4E00710957 /* CScrollViewTests */,
				C12DEC4B1AD8BD4E00710957 /* Products */,
				C12DEC711AD8BDC000710957 /* CScrollView-Bridging-Header.h */,
			);
			sourceTree = "<group>";
		};
		C12DEC4B1AD8BD4E00710957 /* Products */ = {
			isa = PBXGroup;
			children = (
				C12DEC4A1AD8BD4E00710957 /* CScrollView.app */,
				C12DEC5F1AD8BD4E00710957 /* CScrollViewTests.xctest */,
			);
			name = Products;
			sourceTree = "<group>";
		};
		C12DEC4C1AD8BD4E00710957 /* CScrollView */ = {
			isa = PBXGroup;
			children = (
				C12DEC751AD8BDD500710957 /* SDWebImage */,
				C12DEC6F1AD8BD6000710957 /* CScrollView.swift */,
				C12DEC4F1AD8BD4E00710957 /* AppDelegate.swift */,
				C12DEC511AD8BD4E00710957 /* ViewController.swift */,
				C12DEC531AD8BD4E00710957 /* Main.storyboard */,
				C12DEC561AD8BD4E00710957 /* Images.xcassets */,
				C12DEC581AD8BD4E00710957 /* LaunchScreen.xib */,
				C12DEC4D1AD8BD4E00710957 /* Supporting Files */,
			);
			path = CScrollView;
			sourceTree = "<group>";
		};
		C12DEC4D1AD8BD4E00710957 /* Supporting Files */ = {
			isa = PBXGroup;
			children = (
				C12DECA11AD8C83400710957 /* 1.jpg */,
				C12DECA21AD8C83400710957 /* 2.jpg */,
				C12DECA31AD8C83400710957 /* 3.jpg */,
				C12DECA41AD8C83400710957 /* 4.jpg */,
				C12DEC4E1AD8BD4E00710957 /* Info.plist */,
			);
			name = "Supporting Files";
			sourceTree = "<group>";
		};
		C12DEC621AD8BD4E00710957 /* CScrollViewTests */ = {
			isa = PBXGroup;
			children = (
				C12DEC651AD8BD4E00710957 /* CScrollViewTests.swift */,
				C12DEC631AD8BD4E00710957 /* Supporting Files */,
			);
			path = CScrollViewTests;
			sourceTree = "<group>";
		};
		C12DEC631AD8BD4E00710957 /* Supporting Files */ = {
			isa = PBXGroup;
			children = (
				C12DEC641AD8BD4E00710957 /* Info.plist */,
			);
			name = "Supporting Files";
			sourceTree = "<group>";
		};
		C12DEC751AD8BDD500710957 /* SDWebImage */ = {
			isa = PBXGroup;
			children = (
				C12DEC761AD8BDD500710957 /* MKAnnotationView+WebCache.h */,
				C12DEC771AD8BDD500710957 /* MKAnnotationView+WebCache.m */,
				C12DEC781AD8BDD500710957 /* NSData+GIF.h */,
				C12DEC791AD8BDD500710957 /* NSData+GIF.m */,
				C12DEC7A1AD8BDD500710957 /* SDImageCache.h */,
				C12DEC7B1AD8BDD500710957 /* SDImageCache.m */,
				C12DEC7C1AD8BDD500710957 /* SDWebImageCompat.h */,
				C12DEC7D1AD8BDD500710957 /* SDWebImageCompat.m */,
				C12DEC7E1AD8BDD500710957 /* SDWebImageDecoder.h */,
				C12DEC7F1AD8BDD500710957 /* SDWebImageDecoder.m */,
				C12DEC801AD8BDD500710957 /* SDWebImageDownloader.h */,
				C12DEC811AD8BDD500710957 /* SDWebImageDownloader.m */,
				C12DEC821AD8BDD500710957 /* SDWebImageDownloaderOperation.h */,
				C12DEC831AD8BDD500710957 /* SDWebImageDownloaderOperation.m */,
				C12DEC841AD8BDD500710957 /* SDWebImageManager.h */,
				C12DEC851AD8BDD500710957 /* SDWebImageManager.m */,
				C12DEC861AD8BDD500710957 /* SDWebImageOperation.h */,
				C12DEC871AD8BDD500710957 /* SDWebImagePrefetcher.h */,
				C12DEC881AD8BDD500710957 /* SDWebImagePrefetcher.m */,
				C12DEC891AD8BDD500710957 /* UIButton+WebCache.h */,
				C12DEC8A1AD8BDD500710957 /* UIButton+WebCache.m */,
				C12DEC8B1AD8BDD500710957 /* UIImage+GIF.h */,
				C12DEC8C1AD8BDD500710957 /* UIImage+GIF.m */,
				C12DEC8D1AD8BDD500710957 /* UIImage+MultiFormat.h */,
				C12DEC8E1AD8BDD500710957 /* UIImage+MultiFormat.m */,
				C12DEC8F1AD8BDD500710957 /* UIImage+WebP.h */,
				C12DEC901AD8BDD500710957 /* UIImage+WebP.m */,
				C12DEC911AD8BDD500710957 /* UIImageView+WebCache.h */,
				C12DEC921AD8BDD500710957 /* UIImageView+WebCache.m */,
			);
			path = SDWebImage;
			sourceTree = "<group>";
		};
/* End PBXGroup section */

/* Begin PBXNativeTarget section */
		C12DEC491AD8BD4E00710957 /* CScrollView */ = {
			isa = PBXNativeTarget;
			buildConfigurationList = C12DEC691AD8BD4E00710957 /* Build configuration list for PBXNativeTarget "CScrollView" */;
			buildPhases = (
				C12DEC461AD8BD4E00710957 /* Sources */,
				C12DEC471AD8BD4E00710957 /* Frameworks */,
				C12DEC481AD8BD4E00710957 /* Resources */,
			);
			buildRules = (
			);
			dependencies = (
			);
			name = CScrollView;
			productName = CScrollView;
			productReference = C12DEC4A1AD8BD4E00710957 /* CScrollView.app */;
			productType = "com.apple.product-type.application";
		};
		C12DEC5E1AD8BD4E00710957 /* CScrollViewTests */ = {
			isa = PBXNativeTarget;
			buildConfigurationList = C12DEC6C1AD8BD4E00710957 /* Build configuration list for PBXNativeTarget "CScrollViewTests" */;
			buildPhases = (
				C12DEC5B1AD8BD4E00710957 /* Sources */,
				C12DEC5C1AD8BD4E00710957 /* Frameworks */,
				C12DEC5D1AD8BD4E00710957 /* Resources */,
			);
			buildRules = (
			);
			dependencies = (
				C12DEC611AD8BD4E00710957 /* PBXTargetDependency */,
			);
			name = CScrollViewTests;
			productName = CScrollViewTests;
			productReference = C12DEC5F1AD8BD4E00710957 /* CScrollViewTests.xctest */;
			productType = "com.apple.product-type.bundle.unit-test";
		};
/* End PBXNativeTarget section */

/* Begin PBXProject section */
		C12DEC421AD8BD4E00710957 /* Project object */ = {
			isa = PBXProject;
			attributes = {
				LastUpgradeCheck = 0620;
				ORGANIZATIONNAME = "四海道达网络科技有限公司";
				TargetAttributes = {
					C12DEC491AD8BD4E00710957 = {
						CreatedOnToolsVersion = 6.2;
					};
					C12DEC5E1AD8BD4E00710957 = {
						CreatedOnToolsVersion = 6.2;
						TestTargetID = C12DEC491AD8BD4E00710957;
					};
				};
			};
			buildConfigurationList = C12DEC451AD8BD4E00710957 /* Build configuration list for PBXProject "CScrollView" */;
			compatibilityVersion = "Xcode 3.2";
			developmentRegion = English;
			hasScannedForEncodings = 0;
			knownRegions = (
				en,
				Base,
			);
			mainGroup = C12DEC411AD8BD4E00710957;
			productRefGroup = C12DEC4B1AD8BD4E00710957 /* Products */;
			projectDirPath = "";
			projectRoot = "";
			targets = (
				C12DEC491AD8BD4E00710957 /* CScrollView */,
				C12DEC5E1AD8BD4E00710957 /* CScrollViewTests */,
			);
		};
/* End PBXProject section */

/* Begin PBXResourcesBuildPhase section */
		C12DEC481AD8BD4E00710957 /* Resources */ = {
			isa = PBXResourcesBuildPhase;
			buildActionMask = 2147483647;
			files = (
				C12DEC551AD8BD4E00710957 /* Main.storyboard in Resources */,
				C12DECA71AD8C83400710957 /* 3.jpg in Resources */,
				C12DECA51AD8C83400710957 /* 1.jpg in Resources */,
				C12DEC5A1AD8BD4E00710957 /* LaunchScreen.xib in Resources */,
				C12DEC571AD8BD4E00710957 /* Images.xcassets in Resources */,
				C12DECA61AD8C83400710957 /* 2.jpg in Resources */,
				C12DECA81AD8C83400710957 /* 4.jpg in Resources */,
			);
			runOnlyForDeploymentPostprocessing = 0;
		};
		C12DEC5D1AD8BD4E00710957 /* Resources */ = {
			isa = PBXResourcesBuildPhase;
			buildActionMask = 2147483647;
			files = (
			);
			runOnlyForDeploymentPostprocessing = 0;
		};
/* End PBXResourcesBuildPhase section */

/* Begin PBXSourcesBuildPhase section */
		C12DEC461AD8BD4E00710957 /* Sources */ = {
			isa = PBXSourcesBuildPhase;
			buildActionMask = 2147483647;
			files = (
				C12DEC941AD8BDD500710957 /* NSData+GIF.m in Sources */,
				C12DEC9A1AD8BDD500710957 /* SDWebImageManager.m in Sources */,
				C12DEC981AD8BDD500710957 /* SDWebImageDownloader.m in Sources */,
				C12DEC9F1AD8BDD500710957 /* UIImage+WebP.m in Sources */,
				C12DECA01AD8BDD500710957 /* UIImageView+WebCache.m in Sources */,
				C12DEC951AD8BDD500710957 /* SDImageCache.m in Sources */,
				C12DEC521AD8BD4E00710957 /* ViewController.swift in Sources */,
				C12DEC931AD8BDD500710957 /* MKAnnotationView+WebCache.m in Sources */,
				C12DEC971AD8BDD500710957 /* SDWebImageDecoder.m in Sources */,
				C12DEC9E1AD8BDD500710957 /* UIImage+MultiFormat.m in Sources */,
				C12DEC991AD8BDD500710957 /* SDWebImageDownloaderOperation.m in Sources */,
				C12DEC701AD8BD6000710957 /* CScrollView.swift in Sources */,
				C12DEC9C1AD8BDD500710957 /* UIButton+WebCache.m in Sources */,
				C12DEC9B1AD8BDD500710957 /* SDWebImagePrefetcher.m in Sources */,
				C12DEC961AD8BDD500710957 /* SDWebImageCompat.m in Sources */,
				C12DEC9D1AD8BDD500710957 /* UIImage+GIF.m in Sources */,
				C12DEC501AD8BD4E00710957 /* AppDelegate.swift in Sources */,
			);
			runOnlyForDeploymentPostprocessing = 0;
		};
		C12DEC5B1AD8BD4E00710957 /* Sources */ = {
			isa = PBXSourcesBuildPhase;
			buildActionMask = 2147483647;
			files = (
				C12DEC661AD8BD4E00710957 /* CScrollViewTests.swift in Sources */,
			);
			runOnlyForDeploymentPostprocessing = 0;
		};
/* End PBXSourcesBuildPhase section */

/* Begin PBXTargetDependency section */
		C12DEC611AD8BD4E00710957 /* PBXTargetDependency */ = {
			isa = PBXTargetDependency;
			target = C12DEC491AD8BD4E00710957 /* CScrollView */;
			targetProxy = C12DEC601AD8BD4E00710957 /* PBXContainerItemProxy */;
		};
/* End PBXTargetDependency section */

/* Begin PBXVariantGroup section */
		C12DEC531AD8BD4E00710957 /* Main.storyboard */ = {
			isa = PBXVariantGroup;
			children = (
				C12DEC541AD8BD4E00710957 /* Base */,
			);
			name = Main.storyboard;
			sourceTree = "<group>";
		};
		C12DEC581AD8BD4E00710957 /* LaunchScreen.xib */ = {
			isa = PBXVariantGroup;
			children = (
				C12DEC591AD8BD4E00710957 /* Base */,
			);
			name = LaunchScreen.xib;
			sourceTree = "<group>";
		};
/* End PBXVariantGroup section */

/* Begin XCBuildConfiguration section */
		C12DEC671AD8BD4E00710957 /* Debug */ = {
			isa = XCBuildConfiguration;
			buildSettings = {
				ALWAYS_SEARCH_USER_PATHS = NO;
				CLANG_CXX_LANGUAGE_STANDARD = "gnu++0x";
				CLANG_CXX_LIBRARY = "libc++";
				CLANG_ENABLE_MODULES = YES;
				CLANG_ENABLE_OBJC_ARC = YES;
				CLANG_WARN_BOOL_CONVERSION = YES;
				CLANG_WARN_CONSTANT_CONVERSION = YES;
				CLANG_WARN_DIRECT_OBJC_ISA_USAGE = YES_ERROR;
				CLANG_WARN_EMPTY_BODY = YES;
				CLANG_WARN_ENUM_CONVERSION = YES;
				CLANG_WARN_INT_CONVERSION = YES;
				CLANG_WARN_OBJC_ROOT_CLASS = YES_ERROR;
				CLANG_WARN_UNREACHABLE_CODE = YES;
				CLANG_WARN__DUPLICATE_METHOD_MATCH = YES;
				"CODE_SIGN_IDENTITY[sdk=iphoneos*]" = "iPhone Developer";
				COPY_PHASE_STRIP = NO;
				ENABLE_STRICT_OBJC_MSGSEND = YES;
				GCC_C_LANGUAGE_STANDARD = gnu99;
				GCC_DYNAMIC_NO_PIC = NO;
				GCC_OPTIMIZATION_LEVEL = 0;
				GCC_PREPROCESSOR_DEFINITIONS = (
					"DEBUG=1",
					"$(inherited)",
				);
				GCC_SYMBOLS_PRIVATE_EXTERN = NO;
				GCC_WARN_64_TO_32_BIT_CONVERSION = YES;
				GCC_WARN_ABOUT_RETURN_TYPE = YES_ERROR;
				GCC_WARN_UNDECLARED_SELECTOR = YES;
				GCC_WARN_UNINITIALIZED_AUTOS = YES_AGGRESSIVE;
				GCC_WARN_UNUSED_FUNCTION = YES;
				GCC_WARN_UNUSED_VARIABLE = YES;
				IPHONEOS_DEPLOYMENT_TARGET = 8.2;
				MTL_ENABLE_DEBUG_INFO = YES;
				ONLY_ACTIVE_ARCH = YES;
				SDKROOT = iphoneos;
				SWIFT_OPTIMIZATION_LEVEL = "-Onone";
			};
			name = Debug;
		};
		C12DEC681AD8BD4E00710957 /* Release */ = {
			isa = XCBuildConfiguration;
			buildSettings = {
				ALWAYS_SEARCH_USER_PATHS = NO;
				CLANG_CXX_LANGUAGE_STANDARD = "gnu++0x";
				CLANG_CXX_LIBRARY = "libc++";
				CLANG_ENABLE_MODULES = YES;
				CLANG_ENABLE_OBJC_ARC = YES;
				CLANG_WARN_BOOL_CONVERSION = YES;
				CLANG_WARN_CONSTANT_CONVERSION = YES;
				CLANG_WARN_DIRECT_OBJC_ISA_USAGE = YES_ERROR;
				CLANG_WARN_EMPTY_BODY = YES;
				CLANG_WARN_ENUM_CONVERSION = YES;
				CLANG_WARN_INT_CONVERSION = YES;
				CLANG_WARN_OBJC_ROOT_CLASS = YES_ERROR;
				CLANG_WARN_UNREACHABLE_CODE = YES;
				CLANG_WARN__DUPLICATE_METHOD_MATCH = YES;
				"CODE_SIGN_IDENTITY[sdk=iphoneos*]" = "iPhone Developer";
				COPY_PHASE_STRIP = NO;
				ENABLE_NS_ASSERTIONS = NO;
				ENABLE_STRICT_OBJC_MSGSEND = YES;
				GCC_C_LANGUAGE_STANDARD = gnu99;
				GCC_WARN_64_TO_32_BIT_CONVERSION = YES;
				GCC_WARN_ABOUT_RETURN_TYPE = YES_ERROR;
				GCC_WARN_UNDECLARED_SELECTOR = YES;
				GCC_WARN_UNINITIALIZED_AUTOS = YES_AGGRESSIVE;
				GCC_WARN_UNUSED_FUNCTION = YES;
				GCC_WARN_UNUSED_VARIABLE = YES;
				IPHONEOS_DEPLOYMENT_TARGET = 8.2;
				MTL_ENABLE_DEBUG_INFO = NO;
				SDKROOT = iphoneos;
				VALIDATE_PRODUCT = YES;
			};
			name = Release;
		};
		C12DEC6A1AD8BD4E00710957 /* Debug */ = {
			isa = XCBuildConfiguration;
			buildSettings = {
				ASSETCATALOG_COMPILER_APPICON_NAME = AppIcon;
				CLANG_ENABLE_MODULES = YES;
				INFOPLIST_FILE = CScrollView/Info.plist;
				LD_RUNPATH_SEARCH_PATHS = "$(inherited) @executable_path/Frameworks";
				PRODUCT_NAME = "$(TARGET_NAME)";
				SWIFT_OBJC_BRIDGING_HEADER = "CScrollView-Bridging-Header.h";
				SWIFT_OPTIMIZATION_LEVEL = "-Onone";
			};
			name = Debug;
		};
		C12DEC6B1AD8BD4E00710957 /* Release */ = {
			isa = XCBuildConfiguration;
			buildSettings = {
				ASSETCATALOG_COMPILER_APPICON_NAME = AppIcon;
				CLANG_ENABLE_MODULES = YES;
				INFOPLIST_FILE = CScrollView/Info.plist;
				LD_RUNPATH_SEARCH_PATHS = "$(inherited) @executable_path/Frameworks";
				PRODUCT_NAME = "$(TARGET_NAME)";
				SWIFT_OBJC_BRIDGING_HEADER = "CScrollView-Bridging-Header.h";
			};
			name = Release;
		};
		C12DEC6D1AD8BD4E00710957 /* Debug */ = {
			isa = XCBuildConfiguration;
			buildSettings = {
				BUNDLE_LOADER = "$(TEST_HOST)";
				FRAMEWORK_SEARCH_PATHS = (
					"$(SDKROOT)/Developer/Library/Frameworks",
					"$(inherited)",
				);
				GCC_PREPROCESSOR_DEFINITIONS = (
					"DEBUG=1",
					"$(inherited)",
				);
				INFOPLIST_FILE = CScrollViewTests/Info.plist;
				LD_RUNPATH_SEARCH_PATHS = "$(inherited) @executable_path/Frameworks @loader_path/Frameworks";
				PRODUCT_NAME = "$(TARGET_NAME)";
				TEST_HOST = "$(BUILT_PRODUCTS_DIR)/CScrollView.app/CScrollView";
			};
			name = Debug;
		};
		C12DEC6E1AD8BD4E00710957 /* Release */ = {
			isa = XCBuildConfiguration;
			buildSettings = {
				BUNDLE_LOADER = "$(TEST_HOST)";
				FRAMEWORK_SEARCH_PATHS = (
					"$(SDKROOT)/Developer/Library/Frameworks",
					"$(inherited)",
				);
				INFOPLIST_FILE = CScrollViewTests/Info.plist;
				LD_RUNPATH_SEARCH_PATHS = "$(inherited) @executable_path/Frameworks @loader_path/Frameworks";
				PRODUCT_NAME = "$(TARGET_NAME)";
				TEST_HOST = "$(BUILT_PRODUCTS_DIR)/CScrollView.app/CScrollView";
			};
			name = Release;
		};
/* End XCBuildConfiguration section */

/* Begin XCConfigurationList section */
		C12DEC451AD8BD4E00710957 /* Build configuration list for PBXProject "CScrollView" */ = {
			isa = XCConfigurationList;
			buildConfigurations = (
				C12DEC671AD8BD4E00710957 /* Debug */,
				C12DEC681AD8BD4E00710957 /* Release */,
			);
			defaultConfigurationIsVisible = 0;
			defaultConfigurationName = Release;
		};
		C12DEC691AD8BD4E00710957 /* Build configuration list for PBXNativeTarget "CScrollView" */ = {
			isa = XCConfigurationList;
			buildConfigurations = (
				C12DEC6A1AD8BD4E00710957 /* Debug */,
				C12DEC6B1AD8BD4E00710957 /* Release */,
			);
			defaultConfigurationIsVisible = 0;
		};
		C12DEC6C1AD8BD4E00710957 /* Build configuration list for PBXNativeTarget "CScrollViewTests" */ = {
			isa = XCConfigurationList;
			buildConfigurations = (
				C12DEC6D1AD8BD4E00710957 /* Debug */,
				C12DEC6E1AD8BD4E00710957 /* Release */,
			);
			defaultConfigurationIsVisible = 0;
		};
/* End XCConfigurationList section */
	};
	rootObject = C12DEC421AD8BD4E00710957 /* Project object */;
}
